
Microsoft Visual Studio Solution File, Format Version 12.00
# Visual Studio Version 17
VisualStudioVersion = 17.13.35931.197
MinimumVisualStudioVersion = 10.0.40219.1
Project("{FAE04EC0-301F-11D3-BF4B-00C04F79EFBC}") = "TripWebLast", "TripWebLast\TripWebLast.csproj", "{42642F33-7783-4091-90DE-81975B5AA122}"
EndProject
Global
	GlobalSection(SolutionConfigurationPlatforms) = preSolution
		Debug|Any CPU = Debug|Any CPU
		Release|Any CPU = Release|Any CPU
	EndGlobalSection
	GlobalSection(ProjectConfigurationPlatforms) = postSolution
		{42642F33-7783-4091-90DE-81975B5AA122}.Debug|Any CPU.ActiveCfg = Debug|Any CPU
		{42642F33-7783-4091-90DE-81975B5AA122}.Debug|Any CPU.Build.0 = Debug|Any CPU
		{42642F33-7783-4091-90DE-81975B5AA122}.Release|Any CPU.ActiveCfg = Release|Any CPU
		{42642F33-7783-4091-90DE-81975B5AA122}.Release|Any CPU.Build.0 = Release|Any CPU
	EndGlobalSection
	GlobalSection(SolutionProperties) = preSolution
		HideSolutionNode = FALSE
	EndGlobalSection
	GlobalSection(ExtensibilityGlobals) = postSolution
		SolutionGuid = {C4B470E6-A98F-45E1-B212-B1D9A46F9B94}
	EndGlobalSection
EndGlobal
